github.com/smartwalle/binding v1.0.0 h1:jFZbkKN19zP6dZ0i7y/RNGRwDPvdN6tXbBp4B5iSly8=
github.com/smartwalle/binding v1.0.0/go.mod h1:mLYtdHR4cKfwQv+CMYBOXBJjQjQMjqga/XcCDWWiWGk=
github.com/smartwalle/binding v1.0.1 h1:BrZaHz/ergWMiYYLvHjxsKNac6zlfXOUIVJLgrqZ5+4=
github.com/smartwalle/binding v1.0.1/go.mod h1:mLYtdHR4cKfwQv+CMYBOXBJjQjQMjqga/XcCDWWiWGk=
