github.com/smartwalle/binding v1.0.0 h1:jFZbkKN19zP6dZ0i7y/RNGRwDPvdN6tXbBp4B5iSly8=
github.com/smartwalle/binding v1.0.0/go.mod h1:mLYtdHR4cKfwQv+CMYBOXBJjQjQMjqga/XcCDWWiWGk=
github.com/smartwalle/binding v1.0.1 h1:BrZaHz/ergWMiYYLvHjxsKNac6zlfXOUIVJLgrqZ5+4=
github.com/smartwalle/binding v1.0.1/go.mod h1:mLYtdHR4cKfwQv+CMYBOXBJjQjQMjqga/XcCDWWiWGk=
github.com/smartwalle/binding v1.0.2 h1:utuG2S7+6BD7IYn4O3oonN4K4+l/KiuNPWXnA300m0c=
github.com/smartwalle/binding v1.0.2/go.mod h1:mLYtdHR4cKfwQv+CMYBOXBJjQjQMjqga/XcCDWWiWGk=
